
Microsoft Visual Studio Solution File, Format Version 12.00
# Visual Studio 2013
VisualStudioVersion = 12.0.40629.0
MinimumVisualStudioVersion = 10.0.40219.1
Project("{FAE04EC0-301F-11D3-BF4B-00C04F79EFBC}") = "DDona.NewReport.Infra", "DDona.NewReport.Infra\DDona.NewReport.Infra.csproj", "{CAAE5249-8B4C-4137-AEB2-9ABF0CB4E7D0}"
EndProject
Project("{FAE04EC0-301F-11D3-BF4B-00C04F79EFBC}") = "DDona.NewReport.DataGenerator", "DDona.NewReport.DataGenerator\DDona.NewReport.DataGenerator.csproj", "{DA68EC54-B7DC-49F0-93D3-5C7A84E7A56E}"
EndProject
Project("{FAE04EC0-301F-11D3-BF4B-00C04F79EFBC}") = "DDona.NewReport.Web", "DDona.NewReport.Web\DDona.NewReport.Web.csproj", "{5DD32DA7-C8CF-4F1E-AC56-1880EDF70DAE}"
EndProject
Global
	GlobalSection(SolutionConfigurationPlatforms) = preSolution
		Debug|Any CPU = Debug|Any CPU
		Release|Any CPU = Release|Any CPU
	EndGlobalSection
	GlobalSection(ProjectConfigurationPlatforms) = postSolution
		{CAAE5249-8B4C-4137-AEB2-9ABF0CB4E7D0}.Debug|Any CPU.ActiveCfg = Debug|Any CPU
		{CAAE5249-8B4C-4137-AEB2-9ABF0CB4E7D0}.Debug|Any CPU.Build.0 = Debug|Any CPU
		{CAAE5249-8B4C-4137-AEB2-9ABF0CB4E7D0}.Release|Any CPU.ActiveCfg = Release|Any CPU
		{CAAE5249-8B4C-4137-AEB2-9ABF0CB4E7D0}.Release|Any CPU.Build.0 = Release|Any CPU
		{DA68EC54-B7DC-49F0-93D3-5C7A84E7A56E}.Debug|Any CPU.ActiveCfg = Debug|Any CPU
		{DA68EC54-B7DC-49F0-93D3-5C7A84E7A56E}.Debug|Any CPU.Build.0 = Debug|Any CPU
		{DA68EC54-B7DC-49F0-93D3-5C7A84E7A56E}.Release|Any CPU.ActiveCfg = Release|Any CPU
		{DA68EC54-B7DC-49F0-93D3-5C7A84E7A56E}.Release|Any CPU.Build.0 = Release|Any CPU
		{5DD32DA7-C8CF-4F1E-AC56-1880EDF70DAE}.Debug|Any CPU.ActiveCfg = Debug|Any CPU
		{5DD32DA7-C8CF-4F1E-AC56-1880EDF70DAE}.Debug|Any CPU.Build.0 = Debug|Any CPU
		{5DD32DA7-C8CF-4F1E-AC56-1880EDF70DAE}.Release|Any CPU.ActiveCfg = Release|Any CPU
		{5DD32DA7-C8CF-4F1E-AC56-1880EDF70DAE}.Release|Any CPU.Build.0 = Release|Any CPU
	EndGlobalSection
	GlobalSection(SolutionProperties) = preSolution
		HideSolutionNode = FALSE
	EndGlobalSection
EndGlobal
